// !$*UTF8*$!
{
	archiveVersion = 1;
	classes = {
	};
	objectVersion = 56;
	objects = {

/* Begin PBXBuildFile section */
		3253E0F82C51A23900810E54 /* TownGameApp.swift in Sources */ = {isa = PBXBuildFile; fileRef = 3253E0F72C51A23900810E54 /* TownGameApp.swift */; };
		3253E0FA2C51A23900810E54 /* ContentView.swift in Sources */ = {isa = PBXBuildFile; fileRef = 3253E0F92C51A23900810E54 /* ContentView.swift */; };
		3253E0FC2C51A23C00810E54 /* Assets.xcassets in Resources */ = {isa = PBXBuildFile; fileRef = 3253E0FB2C51A23C00810E54 /* Assets.xcassets */; };
		3253E0FF2C51A23C00810E54 /* Preview Assets.xcassets in Resources */ = {isa = PBXBuildFile; fileRef = 3253E0FE2C51A23C00810E54 /* Preview Assets.xcassets */; };
		3253E1092C51A23D00810E54 /* TownGameTests.swift in Sources */ = {isa = PBXBuildFile; fileRef = 3253E1082C51A23D00810E54 /* TownGameTests.swift */; };
		3253E1132C51A23D00810E54 /* TownGameUITests.swift in Sources */ = {isa = PBXBuildFile; fileRef = 3253E1122C51A23D00810E54 /* TownGameUITests.swift */; };
		3253E1152C51A23D00810E54 /* TownGameUITestsLaunchTests.swift in Sources */ = {isa = PBXBuildFile; fileRef = 3253E1142C51A23D00810E54 /* TownGameUITestsLaunchTests.swift */; };
		3253E1272C51A2C700810E54 /* TownSummaryView.swift in Sources */ = {isa = PBXBuildFile; fileRef = 3253E1262C51A2C700810E54 /* TownSummaryView.swift */; };
		3253E1292C51A39300810E54 /* ResourceSummaryView.swift in Sources */ = {isa = PBXBuildFile; fileRef = 3253E1282C51A39300810E54 /* ResourceSummaryView.swift */; };
		3253E12C2C531BD300810E54 /* TurnService.swift in Sources */ = {isa = PBXBuildFile; fileRef = 3253E12B2C531BD300810E54 /* TurnService.swift */; };
		3253E12E2C531C0000810E54 /* ResourceSnapshotModel.swift in Sources */ = {isa = PBXBuildFile; fileRef = 3253E12D2C531C0000810E54 /* ResourceSnapshotModel.swift */; };
/* End PBXBuildFile section */

/* Begin PBXContainerItemProxy section */
		3253E1052C51A23D00810E54 /* PBXContainerItemProxy */ = {
			isa = PBXContainerItemProxy;
			containerPortal = 3253E0EC2C51A23900810E54 /* Project object */;
			proxyType = 1;
			remoteGlobalIDString = 3253E0F32C51A23900810E54;
			remoteInfo = TownGame;
		};
		3253E10F2C51A23D00810E54 /* PBXContainerItemProxy */ = {
			isa = PBXContainerItemProxy;
			containerPortal = 3253E0EC2C51A23900810E54 /* Project object */;
			proxyType = 1;
			remoteGlobalIDString = 3253E0F32C51A23900810E54;
			remoteInfo = TownGame;
		};
/* End PBXContainerItemProxy section */

/* Begin PBXFileReference section */
		3253E0F42C51A23900810E54 /* TownGame.app */ = {isa = PBXFileReference; explicitFileType = wrapper.application; includeInIndex = 0; path = TownGame.app; sourceTree = BUILT_PRODUCTS_DIR; };
		3253E0F72C51A23900810E54 /* TownGameApp.swift */ = {isa = PBXFileReference; lastKnownFileType = sourcecode.swift; path = TownGameApp.swift; sourceTree = "<group>"; };
		3253E0F92C51A23900810E54 /* ContentView.swift */ = {isa = PBXFileReference; lastKnownFileType = sourcecode.swift; path = ContentView.swift; sourceTree = "<group>"; };
		3253E0FB2C51A23C00810E54 /* Assets.xcassets */ = {isa = PBXFileReference; lastKnownFileType = folder.assetcatalog; path = Assets.xcassets; sourceTree = "<group>"; };
		3253E0FE2C51A23C00810E54 /* Preview Assets.xcassets */ = {isa = PBXFileReference; lastKnownFileType = folder.assetcatalog; path = "Preview Assets.xcassets"; sourceTree = "<group>"; };
		3253E1042C51A23D00810E54 /* TownGameTests.xctest */ = {isa = PBXFileReference; explicitFileType = wrapper.cfbundle; includeInIndex = 0; path = TownGameTests.xctest; sourceTree = BUILT_PRODUCTS_DIR; };
		3253E1082C51A23D00810E54 /* TownGameTests.swift */ = {isa = PBXFileReference; lastKnownFileType = sourcecode.swift; path = TownGameTests.swift; sourceTree = "<group>"; };
		3253E10E2C51A23D00810E54 /* TownGameUITests.xctest */ = {isa = PBXFileReference; explicitFileType = wrapper.cfbundle; includeInIndex = 0; path = TownGameUITests.xctest; sourceTree = BUILT_PRODUCTS_DIR; };
		3253E1122C51A23D00810E54 /* TownGameUITests.swift */ = {isa = PBXFileReference; lastKnownFileType = sourcecode.swift; path = TownGameUITests.swift; sourceTree = "<group>"; };
		3253E1142C51A23D00810E54 /* TownGameUITestsLaunchTests.swift */ = {isa = PBXFileReference; lastKnownFileType = sourcecode.swift; path = TownGameUITestsLaunchTests.swift; sourceTree = "<group>"; };
		3253E1262C51A2C700810E54 /* TownSummaryView.swift */ = {isa = PBXFileReference; lastKnownFileType = sourcecode.swift; path = TownSummaryView.swift; sourceTree = "<group>"; };
		3253E1282C51A39300810E54 /* ResourceSummaryView.swift */ = {isa = PBXFileReference; lastKnownFileType = sourcecode.swift; path = ResourceSummaryView.swift; sourceTree = "<group>"; };
		3253E12A2C51A4C000810E54 /* README.md */ = {isa = PBXFileReference; lastKnownFileType = net.daringfireball.markdown; path = README.md; sourceTree = "<group>"; };
		3253E12B2C531BD300810E54 /* TurnService.swift */ = {isa = PBXFileReference; lastKnownFileType = sourcecode.swift; path = TurnService.swift; sourceTree = "<group>"; };
		3253E12D2C531C0000810E54 /* ResourceSnapshotModel.swift */ = {isa = PBXFileReference; lastKnownFileType = sourcecode.swift; path = ResourceSnapshotModel.swift; sourceTree = "<group>"; };
/* End PBXFileReference section */

/* Begin PBXFrameworksBuildPhase section */
		3253E0F12C51A23900810E54 /* Frameworks */ = {
			isa = PBXFrameworksBuildPhase;
			buildActionMask = 2147483647;
			files = (
			);
			runOnlyForDeploymentPostprocessing = 0;
		};
		3253E1012C51A23D00810E54 /* Frameworks */ = {
			isa = PBXFrameworksBuildPhase;
			buildActionMask = 2147483647;
			files = (
			);
			runOnlyForDeploymentPostprocessing = 0;
		};
		3253E10B2C51A23D00810E54 /* Frameworks */ = {
			isa = PBXFrameworksBuildPhase;
			buildActionMask = 2147483647;
			files = (
			);
			runOnlyForDeploymentPostprocessing = 0;
		};
/* End PBXFrameworksBuildPhase section */

/* Begin PBXGroup section */
		3253E0EB2C51A23900810E54 = {
			isa = PBXGroup;
			children = (
				3253E0F62C51A23900810E54 /* TownGame */,
				3253E1072C51A23D00810E54 /* TownGameTests */,
				3253E1112C51A23D00810E54 /* TownGameUITests */,
				3253E0F52C51A23900810E54 /* Products */,
			);
			sourceTree = "<group>";
		};
		3253E0F52C51A23900810E54 /* Products */ = {
			isa = PBXGroup;
			children = (
				3253E0F42C51A23900810E54 /* TownGame.app */,
				3253E1042C51A23D00810E54 /* TownGameTests.xctest */,
				3253E10E2C51A23D00810E54 /* TownGameUITests.xctest */,
			);
			name = Products;
			sourceTree = "<group>";
		};
		3253E0F62C51A23900810E54 /* TownGame */ = {
			isa = PBXGroup;
			children = (
				3253E1252C51A2A100810E54 /* Shared */,
				3253E1242C51A29C00810E54 /* Views */,
				3253E1232C51A29700810E54 /* ViewModels */,
				3253E1212C51A28900810E54 /* Models */,
				3253E0F72C51A23900810E54 /* TownGameApp.swift */,
				3253E0F92C51A23900810E54 /* ContentView.swift */,
				3253E0FB2C51A23C00810E54 /* Assets.xcassets */,
				3253E0FD2C51A23C00810E54 /* Preview Content */,
				3253E12A2C51A4C000810E54 /* README.md */,
			);
			path = TownGame;
			sourceTree = "<group>";
		};
		3253E0FD2C51A23C00810E54 /* Preview Content */ = {
			isa = PBXGroup;
			children = (
				3253E0FE2C51A23C00810E54 /* Preview Assets.xcassets */,
			);
			path = "Preview Content";
			sourceTree = "<group>";
		};
		3253E1072C51A23D00810E54 /* TownGameTests */ = {
			isa = PBXGroup;
			children = (
				3253E1082C51A23D00810E54 /* TownGameTests.swift */,
			);
			path = TownGameTests;
			sourceTree = "<group>";
		};
		3253E1112C51A23D00810E54 /* TownGameUITests */ = {
			isa = PBXGroup;
			children = (
				3253E1122C51A23D00810E54 /* TownGameUITests.swift */,
				3253E1142C51A23D00810E54 /* TownGameUITestsLaunchTests.swift */,
			);
			path = TownGameUITests;
			sourceTree = "<group>";
		};
		3253E1212C51A28900810E54 /* Models */ = {
			isa = PBXGroup;
			children = (
				3253E12D2C531C0000810E54 /* ResourceSnapshotModel.swift */,
			);
			path = Models;
			sourceTree = "<group>";
		};
		3253E1232C51A29700810E54 /* ViewModels */ = {
			isa = PBXGroup;
			children = (
			);
			path = ViewModels;
			sourceTree = "<group>";
		};
		3253E1242C51A29C00810E54 /* Views */ = {
			isa = PBXGroup;
			children = (
				3253E1262C51A2C700810E54 /* TownSummaryView.swift */,
				3253E1282C51A39300810E54 /* ResourceSummaryView.swift */,
			);
			path = Views;
			sourceTree = "<group>";
		};
		3253E1252C51A2A100810E54 /* Shared */ = {
			isa = PBXGroup;
			children = (
				3253E12B2C531BD300810E54 /* TurnService.swift */,
			);
			path = Shared;
			sourceTree = "<group>";
		};
/* End PBXGroup section */

/* Begin PBXNativeTarget section */
		3253E0F32C51A23900810E54 /* TownGame */ = {
			isa = PBXNativeTarget;
			buildConfigurationList = 3253E1182C51A23D00810E54 /* Build configuration list for PBXNativeTarget "TownGame" */;
			buildPhases = (
				3253E0F02C51A23900810E54 /* Sources */,
				3253E0F12C51A23900810E54 /* Frameworks */,
				3253E0F22C51A23900810E54 /* Resources */,
			);
			buildRules = (
			);
			dependencies = (
			);
			name = TownGame;
			productName = TownGame;
			productReference = 3253E0F42C51A23900810E54 /* TownGame.app */;
			productType = "com.apple.product-type.application";
		};
		3253E1032C51A23D00810E54 /* TownGameTests */ = {
			isa = PBXNativeTarget;
			buildConfigurationList = 3253E11B2C51A23D00810E54 /* Build configuration list for PBXNativeTarget "TownGameTests" */;
			buildPhases = (
				3253E1002C51A23D00810E54 /* Sources */,
				3253E1012C51A23D00810E54 /* Frameworks */,
				3253E1022C51A23D00810E54 /* Resources */,
			);
			buildRules = (
			);
			dependencies = (
				3253E1062C51A23D00810E54 /* PBXTargetDependency */,
			);
			name = TownGameTests;
			productName = TownGameTests;
			productReference = 3253E1042C51A23D00810E54 /* TownGameTests.xctest */;
			productType = "com.apple.product-type.bundle.unit-test";
		};
		3253E10D2C51A23D00810E54 /* TownGameUITests */ = {
			isa = PBXNativeTarget;
			buildConfigurationList = 3253E11E2C51A23D00810E54 /* Build configuration list for PBXNativeTarget "TownGameUITests" */;
			buildPhases = (
				3253E10A2C51A23D00810E54 /* Sources */,
				3253E10B2C51A23D00810E54 /* Frameworks */,
				3253E10C2C51A23D00810E54 /* Resources */,
			);
			buildRules = (
			);
			dependencies = (
				3253E1102C51A23D00810E54 /* PBXTargetDependency */,
			);
			name = TownGameUITests;
			productName = TownGameUITests;
			productReference = 3253E10E2C51A23D00810E54 /* TownGameUITests.xctest */;
			productType = "com.apple.product-type.bundle.ui-testing";
		};
/* End PBXNativeTarget section */

/* Begin PBXProject section */
		3253E0EC2C51A23900810E54 /* Project object */ = {
			isa = PBXProject;
			attributes = {
				BuildIndependentTargetsInParallel = 1;
				LastSwiftUpdateCheck = 1530;
				LastUpgradeCheck = 1530;
				TargetAttributes = {
					3253E0F32C51A23900810E54 = {
						CreatedOnToolsVersion = 15.3;
					};
					3253E1032C51A23D00810E54 = {
						CreatedOnToolsVersion = 15.3;
						TestTargetID = 3253E0F32C51A23900810E54;
					};
					3253E10D2C51A23D00810E54 = {
						CreatedOnToolsVersion = 15.3;
						TestTargetID = 3253E0F32C51A23900810E54;
					};
				};
			};
			buildConfigurationList = 3253E0EF2C51A23900810E54 /* Build configuration list for PBXProject "TownGame" */;
			compatibilityVersion = "Xcode 14.0";
			developmentRegion = en;
			hasScannedForEncodings = 0;
			knownRegions = (
				en,
				Base,
			);
			mainGroup = 3253E0EB2C51A23900810E54;
			productRefGroup = 3253E0F52C51A23900810E54 /* Products */;
			projectDirPath = "";
			projectRoot = "";
			targets = (
				3253E0F32C51A23900810E54 /* TownGame */,
				3253E1032C51A23D00810E54 /* TownGameTests */,
				3253E10D2C51A23D00810E54 /* TownGameUITests */,
			);
		};
/* End PBXProject section */

/* Begin PBXResourcesBuildPhase section */
		3253E0F22C51A23900810E54 /* Resources */ = {
			isa = PBXResourcesBuildPhase;
			buildActionMask = 2147483647;
			files = (
				3253E0FF2C51A23C00810E54 /* Preview Assets.xcassets in Resources */,
				3253E0FC2C51A23C00810E54 /* Assets.xcassets in Resources */,
			);
			runOnlyForDeploymentPostprocessing = 0;
		};
		3253E1022C51A23D00810E54 /* Resources */ = {
			isa = PBXResourcesBuildPhase;
			buildActionMask = 2147483647;
			files = (
			);
			runOnlyForDeploymentPostprocessing = 0;
		};
		3253E10C2C51A23D00810E54 /* Resources */ = {
			isa = PBXResourcesBuildPhase;
			buildActionMask = 2147483647;
			files = (
			);
			runOnlyForDeploymentPostprocessing = 0;
		};
/* End PBXResourcesBuildPhase section */

/* Begin PBXSourcesBuildPhase section */
		3253E0F02C51A23900810E54 /* Sources */ = {
			isa = PBXSourcesBuildPhase;
			buildActionMask = 2147483647;
			files = (
				3253E0FA2C51A23900810E54 /* ContentView.swift in Sources */,
				3253E12E2C531C0000810E54 /* ResourceSnapshotModel.swift in Sources */,
				3253E12C2C531BD300810E54 /* TurnService.swift in Sources */,
				3253E1292C51A39300810E54 /* ResourceSummaryView.swift in Sources */,
				3253E1272C51A2C700810E54 /* TownSummaryView.swift in Sources */,
				3253E0F82C51A23900810E54 /* TownGameApp.swift in Sources */,
			);
			runOnlyForDeploymentPostprocessing = 0;
		};
		3253E1002C51A23D00810E54 /* Sources */ = {
			isa = PBXSourcesBuildPhase;
			buildActionMask = 2147483647;
			files = (
				3253E1092C51A23D00810E54 /* TownGameTests.swift in Sources */,
			);
			runOnlyForDeploymentPostprocessing = 0;
		};
		3253E10A2C51A23D00810E54 /* Sources */ = {
			isa = PBXSourcesBuildPhase;
			buildActionMask = 2147483647;
			files = (
				3253E1152C51A23D00810E54 /* TownGameUITestsLaunchTests.swift in Sources */,
				3253E1132C51A23D00810E54 /* TownGameUITests.swift in Sources */,
			);
			runOnlyForDeploymentPostprocessing = 0;
		};
/* End PBXSourcesBuildPhase section */

/* Begin PBXTargetDependency section */
		3253E1062C51A23D00810E54 /* PBXTargetDependency */ = {
			isa = PBXTargetDependency;
			target = 3253E0F32C51A23900810E54 /* TownGame */;
			targetProxy = 3253E1052C51A23D00810E54 /* PBXContainerItemProxy */;
		};
		3253E1102C51A23D00810E54 /* PBXTargetDependency */ = {
			isa = PBXTargetDependency;
			target = 3253E0F32C51A23900810E54 /* TownGame */;
			targetProxy = 3253E10F2C51A23D00810E54 /* PBXContainerItemProxy */;
		};
/* End PBXTargetDependency section */

/* Begin XCBuildConfiguration section */
		3253E1162C51A23D00810E54 /* Debug */ = {
			isa = XCBuildConfiguration;
			buildSettings = {
				ALWAYS_SEARCH_USER_PATHS = NO;
				ASSETCATALOG_COMPILER_GENERATE_SWIFT_ASSET_SYMBOL_EXTENSIONS = YES;
				CLANG_ANALYZER_NONNULL = YES;
				CLANG_ANALYZER_NUMBER_OBJECT_CONVERSION = YES_AGGRESSIVE;
				CLANG_CXX_LANGUAGE_STANDARD = "gnu++20";
				CLANG_ENABLE_MODULES = YES;
				CLANG_ENABLE_OBJC_ARC = YES;
				CLANG_ENABLE_OBJC_WEAK = YES;
				CLANG_WARN_BLOCK_CAPTURE_AUTORELEASING = YES;
				CLANG_WARN_BOOL_CONVERSION = YES;
				CLANG_WARN_COMMA = YES;
				CLANG_WARN_CONSTANT_CONVERSION = YES;
				CLANG_WARN_DEPRECATED_OBJC_IMPLEMENTATIONS = YES;
				CLANG_WARN_DIRECT_OBJC_ISA_USAGE = YES_ERROR;
				CLANG_WARN_DOCUMENTATION_COMMENTS = YES;
				CLANG_WARN_EMPTY_BODY = YES;
				CLANG_WARN_ENUM_CONVERSION = YES;
				CLANG_WARN_INFINITE_RECURSION = YES;
				CLANG_WARN_INT_CONVERSION = YES;
				CLANG_WARN_NON_LITERAL_NULL_CONVERSION = YES;
				CLANG_WARN_OBJC_IMPLICIT_RETAIN_SELF = YES;
				CLANG_WARN_OBJC_LITERAL_CONVERSION = YES;
				CLANG_WARN_OBJC_ROOT_CLASS = YES_ERROR;
				CLANG_WARN_QUOTED_INCLUDE_IN_FRAMEWORK_HEADER = YES;
				CLANG_WARN_RANGE_LOOP_ANALYSIS = YES;
				CLANG_WARN_STRICT_PROTOTYPES = YES;
				CLANG_WARN_SUSPICIOUS_MOVE = YES;
				CLANG_WARN_UNGUARDED_AVAILABILITY = YES_AGGRESSIVE;
				CLANG_WARN_UNREACHABLE_CODE = YES;
				CLANG_WARN__DUPLICATE_METHOD_MATCH = YES;
				COPY_PHASE_STRIP = NO;
				DEBUG_INFORMATION_FORMAT = dwarf;
				ENABLE_STRICT_OBJC_MSGSEND = YES;
				ENABLE_TESTABILITY = YES;
				ENABLE_USER_SCRIPT_SANDBOXING = YES;
				GCC_C_LANGUAGE_STANDARD = gnu17;
				GCC_DYNAMIC_NO_PIC = NO;
				GCC_NO_COMMON_BLOCKS = YES;
				GCC_OPTIMIZATION_LEVEL = 0;
				GCC_PREPROCESSOR_DEFINITIONS = (
					"DEBUG=1",
					"$(inherited)",
				);
				GCC_WARN_64_TO_32_BIT_CONVERSION = YES;
				GCC_WARN_ABOUT_RETURN_TYPE = YES_ERROR;
				GCC_WARN_UNDECLARED_SELECTOR = YES;
				GCC_WARN_UNINITIALIZED_AUTOS = YES_AGGRESSIVE;
				GCC_WARN_UNUSED_FUNCTION = YES;
				GCC_WARN_UNUSED_VARIABLE = YES;
				IPHONEOS_DEPLOYMENT_TARGET = 17.4;
				LOCALIZATION_PREFERS_STRING_CATALOGS = YES;
				MTL_ENABLE_DEBUG_INFO = INCLUDE_SOURCE;
				MTL_FAST_MATH = YES;
				ONLY_ACTIVE_ARCH = YES;
				SDKROOT = iphoneos;
				SWIFT_ACTIVE_COMPILATION_CONDITIONS = "DEBUG $(inherited)";
				SWIFT_OPTIMIZATION_LEVEL = "-Onone";
			};
			name = Debug;
		};
		3253E1172C51A23D00810E54 /* Release */ = {
			isa = XCBuildConfiguration;
			buildSettings = {
				ALWAYS_SEARCH_USER_PATHS = NO;
				ASSETCATALOG_COMPILER_GENERATE_SWIFT_ASSET_SYMBOL_EXTENSIONS = YES;
				CLANG_ANALYZER_NONNULL = YES;
				CLANG_ANALYZER_NUMBER_OBJECT_CONVERSION = YES_AGGRESSIVE;
				CLANG_CXX_LANGUAGE_STANDARD = "gnu++20";
				CLANG_ENABLE_MODULES = YES;
				CLANG_ENABLE_OBJC_ARC = YES;
				CLANG_ENABLE_OBJC_WEAK = YES;
				CLANG_WARN_BLOCK_CAPTURE_AUTORELEASING = YES;
				CLANG_WARN_BOOL_CONVERSION = YES;
				CLANG_WARN_COMMA = YES;
				CLANG_WARN_CONSTANT_CONVERSION = YES;
				CLANG_WARN_DEPRECATED_OBJC_IMPLEMENTATIONS = YES;
				CLANG_WARN_DIRECT_OBJC_ISA_USAGE = YES_ERROR;
				CLANG_WARN_DOCUMENTATION_COMMENTS = YES;
				CLANG_WARN_EMPTY_BODY = YES;
				CLANG_WARN_ENUM_CONVERSION = YES;
				CLANG_WARN_INFINITE_RECURSION = YES;
				CLANG_WARN_INT_CONVERSION = YES;
				CLANG_WARN_NON_LITERAL_NULL_CONVERSION = YES;
				CLANG_WARN_OBJC_IMPLICIT_RETAIN_SELF = YES;
				CLANG_WARN_OBJC_LITERAL_CONVERSION = YES;
				CLANG_WARN_OBJC_ROOT_CLASS = YES_ERROR;
				CLANG_WARN_QUOTED_INCLUDE_IN_FRAMEWORK_HEADER = YES;
				CLANG_WARN_RANGE_LOOP_ANALYSIS = YES;
				CLANG_WARN_STRICT_PROTOTYPES = YES;
				CLANG_WARN_SUSPICIOUS_MOVE = YES;
				CLANG_WARN_UNGUARDED_AVAILABILITY = YES_AGGRESSIVE;
				CLANG_WARN_UNREACHABLE_CODE = YES;
				CLANG_WARN__DUPLICATE_METHOD_MATCH = YES;
				COPY_PHASE_STRIP = NO;
				DEBUG_INFORMATION_FORMAT = "dwarf-with-dsym";
				ENABLE_NS_ASSERTIONS = NO;
				ENABLE_STRICT_OBJC_MSGSEND = YES;
				ENABLE_USER_SCRIPT_SANDBOXING = YES;
				GCC_C_LANGUAGE_STANDARD = gnu17;
				GCC_NO_COMMON_BLOCKS = YES;
				GCC_WARN_64_TO_32_BIT_CONVERSION = YES;
				GCC_WARN_ABOUT_RETURN_TYPE = YES_ERROR;
				GCC_WARN_UNDECLARED_SELECTOR = YES;
				GCC_WARN_UNINITIALIZED_AUTOS = YES_AGGRESSIVE;
				GCC_WARN_UNUSED_FUNCTION = YES;
				GCC_WARN_UNUSED_VARIABLE = YES;
				IPHONEOS_DEPLOYMENT_TARGET = 17.4;
				LOCALIZATION_PREFERS_STRING_CATALOGS = YES;
				MTL_ENABLE_DEBUG_INFO = NO;
				MTL_FAST_MATH = YES;
				SDKROOT = iphoneos;
				SWIFT_COMPILATION_MODE = wholemodule;
				VALIDATE_PRODUCT = YES;
			};
			name = Release;
		};
		3253E1192C51A23D00810E54 /* Debug */ = {
			isa = XCBuildConfiguration;
			buildSettings = {
				ASSETCATALOG_COMPILER_APPICON_NAME = AppIcon;
				ASSETCATALOG_COMPILER_GLOBAL_ACCENT_COLOR_NAME = AccentColor;
				CODE_SIGN_STYLE = Automatic;
				CURRENT_PROJECT_VERSION = 1;
				DEVELOPMENT_ASSET_PATHS = "\"TownGame/Preview Content\"";
				DEVELOPMENT_TEAM = J94LZVUKZ6;
				ENABLE_PREVIEWS = YES;
				GENERATE_INFOPLIST_FILE = YES;
				INFOPLIST_KEY_UIApplicationSceneManifest_Generation = YES;
				INFOPLIST_KEY_UIApplicationSupportsIndirectInputEvents = YES;
				INFOPLIST_KEY_UILaunchScreen_Generation = YES;
				INFOPLIST_KEY_UISupportedInterfaceOrientations_iPad = "UIInterfaceOrientationPortrait UIInterfaceOrientationPortraitUpsideDown UIInterfaceOrientationLandscapeLeft UIInterfaceOrientationLandscapeRight";
				INFOPLIST_KEY_UISupportedInterfaceOrientations_iPhone = "UIInterfaceOrientationPortrait UIInterfaceOrientationLandscapeLeft UIInterfaceOrientationLandscapeRight";
				LD_RUNPATH_SEARCH_PATHS = (
					"$(inherited)",
					"@executable_path/Frameworks",
				);
				MARKETING_VERSION = 1.0;
				PRODUCT_BUNDLE_IDENTIFIER = joshuamaza.TownGame;
				PRODUCT_NAME = "$(TARGET_NAME)";
				SWIFT_EMIT_LOC_STRINGS = YES;
				SWIFT_VERSION = 5.0;
				TARGETED_DEVICE_FAMILY = "1,2";
			};
			name = Debug;
		};
		3253E11A2C51A23D00810E54 /* Release */ = {
			isa = XCBuildConfiguration;
			buildSettings = {
				ASSETCATALOG_COMPILER_APPICON_NAME = AppIcon;
				ASSETCATALOG_COMPILER_GLOBAL_ACCENT_COLOR_NAME = AccentColor;
				CODE_SIGN_STYLE = Automatic;
				CURRENT_PROJECT_VERSION = 1;
				DEVELOPMENT_ASSET_PATHS = "\"TownGame/Preview Content\"";
				DEVELOPMENT_TEAM = J94LZVUKZ6;
				ENABLE_PREVIEWS = YES;
				GENERATE_INFOPLIST_FILE = YES;
				INFOPLIST_KEY_UIApplicationSceneManifest_Generation = YES;
				INFOPLIST_KEY_UIApplicationSupportsIndirectInputEvents = YES;
				INFOPLIST_KEY_UILaunchScreen_Generation = YES;
				INFOPLIST_KEY_UISupportedInterfaceOrientations_iPad = "UIInterfaceOrientationPortrait UIInterfaceOrientationPortraitUpsideDown UIInterfaceOrientationLandscapeLeft UIInterfaceOrientationLandscapeRight";
				INFOPLIST_KEY_UISupportedInterfaceOrientations_iPhone = "UIInterfaceOrientationPortrait UIInterfaceOrientationLandscapeLeft UIInterfaceOrientationLandscapeRight";
				LD_RUNPATH_SEARCH_PATHS = (
					"$(inherited)",
					"@executable_path/Frameworks",
				);
				MARKETING_VERSION = 1.0;
				PRODUCT_BUNDLE_IDENTIFIER = joshuamaza.TownGame;
				PRODUCT_NAME = "$(TARGET_NAME)";
				SWIFT_EMIT_LOC_STRINGS = YES;
				SWIFT_VERSION = 5.0;
				TARGETED_DEVICE_FAMILY = "1,2";
			};
			name = Release;
		};
		3253E11C2C51A23D00810E54 /* Debug */ = {
			isa = XCBuildConfiguration;
			buildSettings = {
				ALWAYS_EMBED_SWIFT_STANDARD_LIBRARIES = YES;
				BUNDLE_LOADER = "$(TEST_HOST)";
				CODE_SIGN_STYLE = Automatic;
				CURRENT_PROJECT_VERSION = 1;
				DEVELOPMENT_TEAM = J94LZVUKZ6;
				GENERATE_INFOPLIST_FILE = YES;
				IPHONEOS_DEPLOYMENT_TARGET = 17.4;
				MARKETING_VERSION = 1.0;
				PRODUCT_BUNDLE_IDENTIFIER = joshuamaza.TownGameTests;
				PRODUCT_NAME = "$(TARGET_NAME)";
				SWIFT_EMIT_LOC_STRINGS = NO;
				SWIFT_VERSION = 5.0;
				TARGETED_DEVICE_FAMILY = "1,2";
				TEST_HOST = "$(BUILT_PRODUCTS_DIR)/TownGame.app/$(BUNDLE_EXECUTABLE_FOLDER_PATH)/TownGame";
			};
			name = Debug;
		};
		3253E11D2C51A23D00810E54 /* Release */ = {
			isa = XCBuildConfiguration;
			buildSettings = {
				ALWAYS_EMBED_SWIFT_STANDARD_LIBRARIES = YES;
				BUNDLE_LOADER = "$(TEST_HOST)";
				CODE_SIGN_STYLE = Automatic;
				CURRENT_PROJECT_VERSION = 1;
				DEVELOPMENT_TEAM = J94LZVUKZ6;
				GENERATE_INFOPLIST_FILE = YES;
				IPHONEOS_DEPLOYMENT_TARGET = 17.4;
				MARKETING_VERSION = 1.0;
				PRODUCT_BUNDLE_IDENTIFIER = joshuamaza.TownGameTests;
				PRODUCT_NAME = "$(TARGET_NAME)";
				SWIFT_EMIT_LOC_STRINGS = NO;
				SWIFT_VERSION = 5.0;
				TARGETED_DEVICE_FAMILY = "1,2";
				TEST_HOST = "$(BUILT_PRODUCTS_DIR)/TownGame.app/$(BUNDLE_EXECUTABLE_FOLDER_PATH)/TownGame";
			};
			name = Release;
		};
		3253E11F2C51A23D00810E54 /* Debug */ = {
			isa = XCBuildConfiguration;
			buildSettings = {
				ALWAYS_EMBED_SWIFT_STANDARD_LIBRARIES = YES;
				CODE_SIGN_STYLE = Automatic;
				CURRENT_PROJECT_VERSION = 1;
				DEVELOPMENT_TEAM = J94LZVUKZ6;
				GENERATE_INFOPLIST_FILE = YES;
				MARKETING_VERSION = 1.0;
				PRODUCT_BUNDLE_IDENTIFIER = joshuamaza.TownGameUITests;
				PRODUCT_NAME = "$(TARGET_NAME)";
				SWIFT_EMIT_LOC_STRINGS = NO;
				SWIFT_VERSION = 5.0;
				TARGETED_DEVICE_FAMILY = "1,2";
				TEST_TARGET_NAME = TownGame;
			};
			name = Debug;
		};
		3253E1202C51A23D00810E54 /* Release */ = {
			isa = XCBuildConfiguration;
			buildSettings = {
				ALWAYS_EMBED_SWIFT_STANDARD_LIBRARIES = YES;
				CODE_SIGN_STYLE = Automatic;
				CURRENT_PROJECT_VERSION = 1;
				DEVELOPMENT_TEAM = J94LZVUKZ6;
				GENERATE_INFOPLIST_FILE = YES;
				MARKETING_VERSION = 1.0;
				PRODUCT_BUNDLE_IDENTIFIER = joshuamaza.TownGameUITests;
				PRODUCT_NAME = "$(TARGET_NAME)";
				SWIFT_EMIT_LOC_STRINGS = NO;
				SWIFT_VERSION = 5.0;
				TARGETED_DEVICE_FAMILY = "1,2";
				TEST_TARGET_NAME = TownGame;
			};
			name = Release;
		};
/* End XCBuildConfiguration section */

/* Begin XCConfigurationList section */
		3253E0EF2C51A23900810E54 /* Build configuration list for PBXProject "TownGame" */ = {
			isa = XCConfigurationList;
			buildConfigurations = (
				3253E1162C51A23D00810E54 /* Debug */,
				3253E1172C51A23D00810E54 /* Release */,
			);
			defaultConfigurationIsVisible = 0;
			defaultConfigurationName = Release;
		};
		3253E1182C51A23D00810E54 /* Build configuration list for PBXNativeTarget "TownGame" */ = {
			isa = XCConfigurationList;
			buildConfigurations = (
				3253E1192C51A23D00810E54 /* Debug */,
				3253E11A2C51A23D00810E54 /* Release */,
			);
			defaultConfigurationIsVisible = 0;
			defaultConfigurationName = Release;
		};
		3253E11B2C51A23D00810E54 /* Build configuration list for PBXNativeTarget "TownGameTests" */ = {
			isa = XCConfigurationList;
			buildConfigurations = (
				3253E11C2C51A23D00810E54 /* Debug */,
				3253E11D2C51A23D00810E54 /* Release */,
			);
			defaultConfigurationIsVisible = 0;
			defaultConfigurationName = Release;
		};
		3253E11E2C51A23D00810E54 /* Build configuration list for PBXNativeTarget "TownGameUITests" */ = {
			isa = XCConfigurationList;
			buildConfigurations = (
				3253E11F2C51A23D00810E54 /* Debug */,
				3253E1202C51A23D00810E54 /* Release */,
			);
			defaultConfigurationIsVisible = 0;
			defaultConfigurationName = Release;
		};
/* End XCConfigurationList section */
	};
	rootObject = 3253E0EC2C51A23900810E54 /* Project object */;
}
